
Microsoft Visual Studio Solution File, Format Version 12.00
# Visual Studio 14
VisualStudioVersion = 14.0.25420.1
MinimumVisualStudioVersion = 10.0.40219.1
Project("{FAE04EC0-301F-11D3-BF4B-00C04F79EFBC}") = "TimeAttendance.Domain", "TimeAttendance.Domain\TimeAttendance.Domain.csproj", "{6763C220-4D63-4612-B477-5B2596783282}"
EndProject
Project("{FAE04EC0-301F-11D3-BF4B-00C04F79EFBC}") = "TimeAttendance.UI", "TimeAttendance.UI\TimeAttendance.UI.csproj", "{49057100-ABE2-4089-966B-AA3B20B25923}"
EndProject
Global
	GlobalSection(SolutionConfigurationPlatforms) = preSolution
		Debug|Any CPU = Debug|Any CPU
		Release|Any CPU = Release|Any CPU
	EndGlobalSection
	GlobalSection(ProjectConfigurationPlatforms) = postSolution
		{6763C220-4D63-4612-B477-5B2596783282}.Debug|Any CPU.ActiveCfg = Debug|Any CPU
		{6763C220-4D63-4612-B477-5B2596783282}.Debug|Any CPU.Build.0 = Debug|Any CPU
		{6763C220-4D63-4612-B477-5B2596783282}.Release|Any CPU.ActiveCfg = Release|Any CPU
		{6763C220-4D63-4612-B477-5B2596783282}.Release|Any CPU.Build.0 = Release|Any CPU
		{49057100-ABE2-4089-966B-AA3B20B25923}.Debug|Any CPU.ActiveCfg = Debug|Any CPU
		{49057100-ABE2-4089-966B-AA3B20B25923}.Debug|Any CPU.Build.0 = Debug|Any CPU
		{49057100-ABE2-4089-966B-AA3B20B25923}.Release|Any CPU.ActiveCfg = Release|Any CPU
		{49057100-ABE2-4089-966B-AA3B20B25923}.Release|Any CPU.Build.0 = Release|Any CPU
	EndGlobalSection
	GlobalSection(SolutionProperties) = preSolution
		HideSolutionNode = FALSE
	EndGlobalSection
EndGlobal
